
Microsoft Visual Studio Solution File, Format Version 12.00
# Visual Studio Version 17
VisualStudioVersion = 17.0.31912.275
MinimumVisualStudioVersion = 10.0.40219.1
Project("{9A19103F-16F7-4668-BE54-9A1E7A4F7556}") = "A3DFontAwesome", "A3DFontAwesome\A3DFontAwesome.csproj", "{FE685F32-D8FB-4D15-A6FB-C2D9DC3FFADC}"
EndProject
Project("{FAE04EC0-301F-11D3-BF4B-00C04F79EFBC}") = "TestFontAwasome", "TestFontAwasome\TestFontAwasome.csproj", "{99938A89-651C-41B0-8AD2-F39164B09624}"
	ProjectSection(ProjectDependencies) = postProject
		{FE685F32-D8FB-4D15-A6FB-C2D9DC3FFADC} = {FE685F32-D8FB-4D15-A6FB-C2D9DC3FFADC}
		{2CFD8D64-EBFB-4930-BC10-1BB6186B0854} = {2CFD8D64-EBFB-4930-BC10-1BB6186B0854}
		{44A22690-0E4E-4094-A8A2-F7F3065B7D11} = {44A22690-0E4E-4094-A8A2-F7F3065B7D11}
		{B3A59092-DD17-43D4-9E2E-5A1F2460D9C3} = {B3A59092-DD17-43D4-9E2E-5A1F2460D9C3}
	EndProjectSection
EndProject
Project("{9A19103F-16F7-4668-BE54-9A1E7A4F7556}") = "A3DFontAwesome.Material", "A3DFontAwesome.Material\A3DFontAwesome.Material.csproj", "{44A22690-0E4E-4094-A8A2-F7F3065B7D11}"
EndProject
Project("{9A19103F-16F7-4668-BE54-9A1E7A4F7556}") = "A3DIcons.LineAwesome", "A3DIcons.LineAwesome\A3DIcons.LineAwesome.csproj", "{E9CFD007-DB77-4FF5-8C95-B225094509EE}"
EndProject
Project("{9A19103F-16F7-4668-BE54-9A1E7A4F7556}") = "A3DIcons.ionicons", "A3DIcons.ionicons\A3DIcons.ionicons.csproj", "{B3A59092-DD17-43D4-9E2E-5A1F2460D9C3}"
EndProject
Project("{9A19103F-16F7-4668-BE54-9A1E7A4F7556}") = "A3DIcons.RemixIcons", "A3DIcons.RemixIcons\A3DIcons.RemixIcons.csproj", "{D29910F3-3C2B-481F-A2F7-46E4D376CCC3}"
EndProject
Project("{9A19103F-16F7-4668-BE54-9A1E7A4F7556}") = "A3DIcons.ThemifyIcons", "A3DIcons.ThemifyIcons\A3DIcons.ThemifyIcons.csproj", "{50FFED31-037C-4FEC-993E-EF14C776E732}"
EndProject
Project("{9A19103F-16F7-4668-BE54-9A1E7A4F7556}") = "A3DIcons.FontEnumGenerator", "A3DIcons.FontEnumGenerator\A3DIcons.FontEnumGenerator.csproj", "{2CFD8D64-EBFB-4930-BC10-1BB6186B0854}"
EndProject
Project("{FAE04EC0-301F-11D3-BF4B-00C04F79EFBC}") = "TestIconWpf", "TestIconWpf\TestIconWpf.csproj", "{D8F02CE0-1898-4272-9751-86D40734C26E}"
	ProjectSection(ProjectDependencies) = postProject
		{E9CFD007-DB77-4FF5-8C95-B225094509EE} = {E9CFD007-DB77-4FF5-8C95-B225094509EE}
		{50FFED31-037C-4FEC-993E-EF14C776E732} = {50FFED31-037C-4FEC-993E-EF14C776E732}
		{FE685F32-D8FB-4D15-A6FB-C2D9DC3FFADC} = {FE685F32-D8FB-4D15-A6FB-C2D9DC3FFADC}
		{2CFD8D64-EBFB-4930-BC10-1BB6186B0854} = {2CFD8D64-EBFB-4930-BC10-1BB6186B0854}
		{44A22690-0E4E-4094-A8A2-F7F3065B7D11} = {44A22690-0E4E-4094-A8A2-F7F3065B7D11}
		{B3A59092-DD17-43D4-9E2E-5A1F2460D9C3} = {B3A59092-DD17-43D4-9E2E-5A1F2460D9C3}
		{D29910F3-3C2B-481F-A2F7-46E4D376CCC3} = {D29910F3-3C2B-481F-A2F7-46E4D376CCC3}
	EndProjectSection
EndProject
Global
	GlobalSection(SolutionConfigurationPlatforms) = preSolution
		Debug|Any CPU = Debug|Any CPU
		Release|Any CPU = Release|Any CPU
	EndGlobalSection
	GlobalSection(ProjectConfigurationPlatforms) = postSolution
		{FE685F32-D8FB-4D15-A6FB-C2D9DC3FFADC}.Debug|Any CPU.ActiveCfg = Debug|Any CPU
		{FE685F32-D8FB-4D15-A6FB-C2D9DC3FFADC}.Debug|Any CPU.Build.0 = Debug|Any CPU
		{FE685F32-D8FB-4D15-A6FB-C2D9DC3FFADC}.Release|Any CPU.ActiveCfg = Release|Any CPU
		{FE685F32-D8FB-4D15-A6FB-C2D9DC3FFADC}.Release|Any CPU.Build.0 = Release|Any CPU
		{99938A89-651C-41B0-8AD2-F39164B09624}.Debug|Any CPU.ActiveCfg = Debug|Any CPU
		{99938A89-651C-41B0-8AD2-F39164B09624}.Debug|Any CPU.Build.0 = Debug|Any CPU
		{99938A89-651C-41B0-8AD2-F39164B09624}.Release|Any CPU.ActiveCfg = Release|Any CPU
		{99938A89-651C-41B0-8AD2-F39164B09624}.Release|Any CPU.Build.0 = Release|Any CPU
		{44A22690-0E4E-4094-A8A2-F7F3065B7D11}.Debug|Any CPU.ActiveCfg = Debug|Any CPU
		{44A22690-0E4E-4094-A8A2-F7F3065B7D11}.Debug|Any CPU.Build.0 = Debug|Any CPU
		{44A22690-0E4E-4094-A8A2-F7F3065B7D11}.Release|Any CPU.ActiveCfg = Release|Any CPU
		{44A22690-0E4E-4094-A8A2-F7F3065B7D11}.Release|Any CPU.Build.0 = Release|Any CPU
		{E9CFD007-DB77-4FF5-8C95-B225094509EE}.Debug|Any CPU.ActiveCfg = Debug|Any CPU
		{E9CFD007-DB77-4FF5-8C95-B225094509EE}.Debug|Any CPU.Build.0 = Debug|Any CPU
		{E9CFD007-DB77-4FF5-8C95-B225094509EE}.Release|Any CPU.ActiveCfg = Release|Any CPU
		{E9CFD007-DB77-4FF5-8C95-B225094509EE}.Release|Any CPU.Build.0 = Release|Any CPU
		{B3A59092-DD17-43D4-9E2E-5A1F2460D9C3}.Debug|Any CPU.ActiveCfg = Debug|Any CPU
		{B3A59092-DD17-43D4-9E2E-5A1F2460D9C3}.Debug|Any CPU.Build.0 = Debug|Any CPU
		{B3A59092-DD17-43D4-9E2E-5A1F2460D9C3}.Release|Any CPU.ActiveCfg = Release|Any CPU
		{B3A59092-DD17-43D4-9E2E-5A1F2460D9C3}.Release|Any CPU.Build.0 = Release|Any CPU
		{D29910F3-3C2B-481F-A2F7-46E4D376CCC3}.Debug|Any CPU.ActiveCfg = Debug|Any CPU
		{D29910F3-3C2B-481F-A2F7-46E4D376CCC3}.Debug|Any CPU.Build.0 = Debug|Any CPU
		{D29910F3-3C2B-481F-A2F7-46E4D376CCC3}.Release|Any CPU.ActiveCfg = Release|Any CPU
		{D29910F3-3C2B-481F-A2F7-46E4D376CCC3}.Release|Any CPU.Build.0 = Release|Any CPU
		{50FFED31-037C-4FEC-993E-EF14C776E732}.Debug|Any CPU.ActiveCfg = Debug|Any CPU
		{50FFED31-037C-4FEC-993E-EF14C776E732}.Debug|Any CPU.Build.0 = Debug|Any CPU
		{50FFED31-037C-4FEC-993E-EF14C776E732}.Release|Any CPU.ActiveCfg = Release|Any CPU
		{50FFED31-037C-4FEC-993E-EF14C776E732}.Release|Any CPU.Build.0 = Release|Any CPU
		{2CFD8D64-EBFB-4930-BC10-1BB6186B0854}.Debug|Any CPU.ActiveCfg = Debug|Any CPU
		{2CFD8D64-EBFB-4930-BC10-1BB6186B0854}.Debug|Any CPU.Build.0 = Debug|Any CPU
		{2CFD8D64-EBFB-4930-BC10-1BB6186B0854}.Release|Any CPU.ActiveCfg = Release|Any CPU
		{2CFD8D64-EBFB-4930-BC10-1BB6186B0854}.Release|Any CPU.Build.0 = Release|Any CPU
		{D8F02CE0-1898-4272-9751-86D40734C26E}.Debug|Any CPU.ActiveCfg = Debug|Any CPU
		{D8F02CE0-1898-4272-9751-86D40734C26E}.Debug|Any CPU.Build.0 = Debug|Any CPU
		{D8F02CE0-1898-4272-9751-86D40734C26E}.Release|Any CPU.ActiveCfg = Release|Any CPU
		{D8F02CE0-1898-4272-9751-86D40734C26E}.Release|Any CPU.Build.0 = Release|Any CPU
	EndGlobalSection
	GlobalSection(SolutionProperties) = preSolution
		HideSolutionNode = FALSE
	EndGlobalSection
	GlobalSection(ExtensibilityGlobals) = postSolution
		SolutionGuid = {5EE68EFA-7EC1-4BB3-BB5D-180B5A201AAE}
	EndGlobalSection
EndGlobal
